
Microsoft Visual Studio Solution File, Format Version 12.00
# Visual Studio 15
VisualStudioVersion = 15.0.26403.3
MinimumVisualStudioVersion = 10.0.40219.1
Project("{FAE04EC0-301F-11D3-BF4B-00C04F79EFBC}") = "E001_ConsoleExample", "E001_ConsoleExample\E001_ConsoleExample.csproj", "{9E372364-A126-45B7-95D4-7EC207056216}"
EndProject
Project("{FAE04EC0-301F-11D3-BF4B-00C04F79EFBC}") = "E001_WindowsFormsExample", "E001_WindowsFormsExample\E001_WindowsFormsExample.csproj", "{B1253C0C-898D-4CFD-8669-D4F46CDBED0C}"
EndProject
Project("{FAE04EC0-301F-11D3-BF4B-00C04F79EFBC}") = "E001_WebApplication", "E001_WebApplication\E001_WebApplication.csproj", "{E2CB58B3-0FA4-4FAB-86D9-47FFAF785477}"
EndProject
Project("{FAE04EC0-301F-11D3-BF4B-00C04F79EFBC}") = "E001_1_Exercise", "E001_1_Exercise\E001_1_Exercise.csproj", "{2B5C4A50-AD46-4A0B-BA08-5AA7F850FF88}"
EndProject
Project("{FAE04EC0-301F-11D3-BF4B-00C04F79EFBC}") = "E001_1_Solution", "E001_1_Solution\E001_1_Solution.csproj", "{21C74664-60CC-42BA-840E-583D2D912AC0}"
EndProject
Project("{FAE04EC0-301F-11D3-BF4B-00C04F79EFBC}") = "E002_LineObjectExample", "E002_LineObjectExample\E002_LineObjectExample.csproj", "{4DB62652-EF3E-4365-8B01-8AB811ABD8B6}"
EndProject
Project("{FAE04EC0-301F-11D3-BF4B-00C04F79EFBC}") = "E003_1_Exercise", "E003_1_Exercise\E003_1_Exercise.csproj", "{3984F4AE-8162-49FD-A852-3E4356AFAB23}"
EndProject
Project("{FAE04EC0-301F-11D3-BF4B-00C04F79EFBC}") = "E003_1_Solution", "E003_1_Solution\E003_1_Solution.csproj", "{505EBD1B-1DBB-4C4D-92B0-D68493B2CF04}"
EndProject
Project("{FAE04EC0-301F-11D3-BF4B-00C04F79EFBC}") = "E004_DataTypes", "E004_DataTypes\E004_DataTypes.csproj", "{3224E333-C9FF-4525-BF87-92A7753EEC49}"
EndProject
Project("{FAE04EC0-301F-11D3-BF4B-00C04F79EFBC}") = "E004_1_Exercise", "E004_1_Exercise\E004_1_Exercise.csproj", "{9BF46EB3-5D69-4A4E-8646-66C72A9CC7E5}"
EndProject
Project("{FAE04EC0-301F-11D3-BF4B-00C04F79EFBC}") = "E004_1_Solution", "E004_1_Solution\E004_1_Solution.csproj", "{583E6B64-BCCE-4664-8145-88BCA26F86C0}"
EndProject
Project("{FAE04EC0-301F-11D3-BF4B-00C04F79EFBC}") = "E004_DateTime", "E004_DateTime\E004_DateTime.csproj", "{B12ACF0A-7DD4-4816-88B3-F121B3C67B90}"
EndProject
Project("{FAE04EC0-301F-11D3-BF4B-00C04F79EFBC}") = "E004_2_Solution", "E004_2_Solution\E004_2_Solution.csproj", "{5E59B9BD-0644-49F4-9D9D-DBD796BCB6EF}"
EndProject
Project("{FAE04EC0-301F-11D3-BF4B-00C04F79EFBC}") = "E004_2_Exercise", "E004_2_Exercise\E004_2_Exercise.csproj", "{D7F41E1B-DBA6-4EB6-9EA4-3EE925F5C574}"
EndProject
Project("{FAE04EC0-301F-11D3-BF4B-00C04F79EFBC}") = "E005_1_Solution", "E005_1_Solution\E005_1_Solution.csproj", "{6A85944F-5BFE-4C46-8605-F4A74E24CD39}"
EndProject
Project("{FAE04EC0-301F-11D3-BF4B-00C04F79EFBC}") = "E005_1_Exercise", "E005_1_Exercise\E005_1_Exercise.csproj", "{5E7C44A8-E1D5-4AF8-8CD7-DA884C19936B}"
EndProject
Project("{FAE04EC0-301F-11D3-BF4B-00C04F79EFBC}") = "E005_2_Exercise", "E005_2_Exercise\E005_2_Exercise.csproj", "{36B77890-BDAB-46F4-A252-DD0EE12FE2B8}"
EndProject
Project("{FAE04EC0-301F-11D3-BF4B-00C04F79EFBC}") = "E005_2_Solution", "E005_2_Solution\E005_2_Solution.csproj", "{AB06402F-DFED-4C3A-9D62-129E3200ED94}"
EndProject
Project("{FAE04EC0-301F-11D3-BF4B-00C04F79EFBC}") = "E005_3_Solution", "E005_3_Solution\E005_3_Solution.csproj", "{38ADC451-AA7F-4F3A-AA35-D89A5CCFE365}"
EndProject
Project("{FAE04EC0-301F-11D3-BF4B-00C04F79EFBC}") = "E005_3_Exercise", "E005_3_Exercise\E005_3_Exercise.csproj", "{C5CB342F-D2F4-46A1-9FBD-D2F5F8B26CD7}"
EndProject
Project("{FAE04EC0-301F-11D3-BF4B-00C04F79EFBC}") = "E005_4_Solution", "E005_4_Solution\E005_4_Solution.csproj", "{95312E41-FB96-4772-A1AF-FCA0388D6FFB}"
EndProject
Project("{FAE04EC0-301F-11D3-BF4B-00C04F79EFBC}") = "E005_4_Exercise", "E005_4_Exercise\E005_4_Exercise.csproj", "{4C81D930-F1E0-4ECC-8ED3-BE897CC18D61}"
EndProject
Project("{FAE04EC0-301F-11D3-BF4B-00C04F79EFBC}") = "E006_1_Exercise", "E006_1_Exercise\E006_1_Exercise.csproj", "{41F17C65-A015-4EF0-977D-2CC8308A2E71}"
EndProject
Project("{FAE04EC0-301F-11D3-BF4B-00C04F79EFBC}") = "E006_1_Solution", "E006_1_Solution\E006_1_Solution.csproj", "{25C1952E-6C1C-43D1-A9A8-6C1B271E96FD}"
EndProject
Project("{FAE04EC0-301F-11D3-BF4B-00C04F79EFBC}") = "E007_1_Solution", "E007_1_Solution\E007_1_Solution.csproj", "{B1D82028-9F8D-40FF-BBBE-3F1F98B1411A}"
EndProject
Project("{FAE04EC0-301F-11D3-BF4B-00C04F79EFBC}") = "E007_1_Exercise", "E007_1_Exercise\E007_1_Exercise.csproj", "{0311A5DC-FBB9-40FD-B0E3-CA61F87DFF27}"
EndProject
Project("{FAE04EC0-301F-11D3-BF4B-00C04F79EFBC}") = "E007_2_Exercise", "E007_2_Exercise\E007_2_Exercise.csproj", "{256F44E5-DC29-4101-848A-1AA299B2A0D6}"
EndProject
Project("{FAE04EC0-301F-11D3-BF4B-00C04F79EFBC}") = "E007_2_Solution", "E007_2_Solution\E007_2_Solution.csproj", "{9CCC5AF0-2B9A-4AC7-BA1B-59623D0067D7}"
EndProject
Project("{2150E333-8FDC-42A3-9474-1A3956D46DE8}") = "E007", "E007", "{92FF599E-9953-48DB-B7F5-49951B8C2DA8}"
EndProject
Project("{2150E333-8FDC-42A3-9474-1A3956D46DE8}") = "E006", "E006", "{118C6E86-B65C-430E-AB20-0A50C11B00DC}"
EndProject
Project("{2150E333-8FDC-42A3-9474-1A3956D46DE8}") = "E001", "E001", "{86C7E2EB-3DF9-4E5B-BFE4-ADC25350F6F5}"
EndProject
Project("{2150E333-8FDC-42A3-9474-1A3956D46DE8}") = "E002", "E002", "{E0115973-13F3-4A74-B572-7BCC311CE28B}"
EndProject
Project("{2150E333-8FDC-42A3-9474-1A3956D46DE8}") = "E003", "E003", "{8682F342-E5A2-4DAD-8ECD-98EDDA512E76}"
EndProject
Project("{2150E333-8FDC-42A3-9474-1A3956D46DE8}") = "E004", "E004", "{5232CB4A-B42D-4917-8046-9254844EA47D}"
EndProject
Project("{2150E333-8FDC-42A3-9474-1A3956D46DE8}") = "E005", "E005", "{BBC432EF-5224-4238-B9FD-E27453449E0A}"
EndProject
Project("{2150E333-8FDC-42A3-9474-1A3956D46DE8}") = "E008", "E008", "{AA0B0BF0-881D-48D1-B477-8D6DC0CB5DD7}"
EndProject
Project("{FAE04EC0-301F-11D3-BF4B-00C04F79EFBC}") = "E007_3_Exercise", "E007_3_Exercise\E007_3_Exercise.csproj", "{2114E98D-BB56-4D85-962F-8AE7BC9A60EF}"
EndProject
Project("{FAE04EC0-301F-11D3-BF4B-00C04F79EFBC}") = "E007_3_Solution", "E007_3_Solution\E007_3_Solution.csproj", "{570F0C49-F0D6-4B7E-AEFA-3FABEAA55A45}"
EndProject
Project("{FAE04EC0-301F-11D3-BF4B-00C04F79EFBC}") = "E008_1_Solution", "E008_1_Solution\E008_1_Solution.csproj", "{808B8527-CACD-4374-9AB7-9EBE938BB7E5}"
EndProject
Project("{FAE04EC0-301F-11D3-BF4B-00C04F79EFBC}") = "E008_1_Exercise", "E008_1_Exercise\E008_1_Exercise.csproj", "{C220776E-63C6-47B1-AFB2-EFA8AB0034B7}"
EndProject
Project("{FAE04EC0-301F-11D3-BF4B-00C04F79EFBC}") = "E008_2_Solution", "E008_2_Solution\E008_2_Solution.csproj", "{29C5B7CE-F54A-45B3-964D-34E6CAD6DEC9}"
EndProject
Project("{FAE04EC0-301F-11D3-BF4B-00C04F79EFBC}") = "E008_2_Exercise", "E008_2_Exercise\E008_2_Exercise.csproj", "{E2F53F06-BE06-4066-AC9C-DAC7ED4EAD0E}"
EndProject
Project("{2150E333-8FDC-42A3-9474-1A3956D46DE8}") = "E009", "E009", "{858978A4-FE17-4094-A2DE-1F66DFB1E952}"
EndProject
Project("{FAE04EC0-301F-11D3-BF4B-00C04F79EFBC}") = "E009_1_Exercise", "E009_1_Exercise\E009_1_Exercise.csproj", "{B8F4B948-348E-440B-9E44-199A60B55300}"
EndProject
Project("{FAE04EC0-301F-11D3-BF4B-00C04F79EFBC}") = "E009_1_Solution", "E009_1_Solution\E009_1_Solution.csproj", "{7ADC53BE-7B82-4106-86F4-254C87449CF4}"
EndProject
Project("{FAE04EC0-301F-11D3-BF4B-00C04F79EFBC}") = "E009_2_Solution", "E009_2_Solution\E009_2_Solution.csproj", "{9CA4981B-F558-42D5-84CB-35D8A93E5FE7}"
EndProject
Project("{FAE04EC0-301F-11D3-BF4B-00C04F79EFBC}") = "E009_2_Exercise", "E009_2_Exercise\E009_2_Exercise.csproj", "{09508A30-4153-43C8-867D-2C56EA5F93CC}"
EndProject
Project("{FAE04EC0-301F-11D3-BF4B-00C04F79EFBC}") = "E010_1_Solution", "E010_1_Solution\E010_1_Solution.csproj", "{8B8B3F28-5782-4CFE-B1B6-940D6373E7EB}"
EndProject
Project("{FAE04EC0-301F-11D3-BF4B-00C04F79EFBC}") = "E010_2_Solution", "E010_2_Solution\E010_2_Solution.csproj", "{AFB78DD8-6BBF-4DF3-9D9B-900CC5B41A47}"
EndProject
Project("{FAE04EC0-301F-11D3-BF4B-00C04F79EFBC}") = "E010_1_Exercise", "E010_1_Exercise\E010_1_Exercise.csproj", "{D64556E2-6830-428B-BAF7-901938DBF616}"
EndProject
Project("{2150E333-8FDC-42A3-9474-1A3956D46DE8}") = "E010", "E010", "{912A81C1-5A82-49F6-A337-A680D7BD92BD}"
EndProject
Project("{FAE04EC0-301F-11D3-BF4B-00C04F79EFBC}") = "E010_2_Exercise", "E010_2_Exercise\E010_2_Exercise.csproj", "{8F7B46C8-F69C-4F8D-8E7D-2A1C94963446}"
EndProject
Project("{FAE04EC0-301F-11D3-BF4B-00C04F79EFBC}") = "E005_BreakContinue", "E005_BreakContinue\E005_BreakContinue.csproj", "{7889AB82-89D0-402A-B1CC-571AE7A4E91B}"
EndProject
Project("{FAE04EC0-301F-11D3-BF4B-00C04F79EFBC}") = "E006_ExceptionExample", "E006_ExceptionExample\E006_ExceptionExample.csproj", "{9C59C492-2DF4-4F30-AD2E-0E44A0139587}"
EndProject
Project("{FAE04EC0-301F-11D3-BF4B-00C04F79EFBC}") = "E007_Arrays", "E007_Arrays\E007_Arrays.csproj", "{BAEAA6CA-07B0-450D-B1F6-8736338396B2}"
EndProject
Project("{FAE04EC0-301F-11D3-BF4B-00C04F79EFBC}") = "E007_Collections", "E007_Collections\E007_Collections.csproj", "{52EF7CA2-4C61-49DD-A70C-DC5AF254D2F0}"
EndProject
Project("{2150E333-8FDC-42A3-9474-1A3956D46DE8}") = "Solutions", "Solutions", "{9D826B94-5825-4597-8434-63BED25CD4AE}"
EndProject
Project("{2150E333-8FDC-42A3-9474-1A3956D46DE8}") = "001", "001", "{20FB385E-A346-4CF4-957D-A776C39B615D}"
EndProject
Project("{2150E333-8FDC-42A3-9474-1A3956D46DE8}") = "002", "002", "{E49149B6-F606-442A-A1AB-5BFDD597BAAB}"
EndProject
Project("{2150E333-8FDC-42A3-9474-1A3956D46DE8}") = "003", "003", "{F6B107CE-C2DB-4C05-916E-FE9F775794E7}"
EndProject
Project("{2150E333-8FDC-42A3-9474-1A3956D46DE8}") = "004", "004", "{32A77F9C-BA38-4DA1-BC6C-F91DD9B34D75}"
EndProject
Project("{2150E333-8FDC-42A3-9474-1A3956D46DE8}") = "005", "005", "{8686E480-F5AE-452A-A568-93244786BD5C}"
EndProject
Project("{2150E333-8FDC-42A3-9474-1A3956D46DE8}") = "006", "006", "{F2901D1A-2F5C-423F-BEDD-DF3F73306BCB}"
EndProject
Project("{2150E333-8FDC-42A3-9474-1A3956D46DE8}") = "007", "007", "{03F4502D-4C35-46B5-B4C4-8CC1AA6307AA}"
EndProject
Project("{2150E333-8FDC-42A3-9474-1A3956D46DE8}") = "008", "008", "{989F0B76-7F2E-4C65-8138-858C86A405E4}"
EndProject
Project("{2150E333-8FDC-42A3-9474-1A3956D46DE8}") = "009", "009", "{929C2550-DD8C-44E4-A1AC-DBCBB0A3483D}"
EndProject
Project("{2150E333-8FDC-42A3-9474-1A3956D46DE8}") = "010", "010", "{8988206E-013F-4208-9774-F0FFF42B5751}"
EndProject
Global
	GlobalSection(SolutionConfigurationPlatforms) = preSolution
		Debug|Any CPU = Debug|Any CPU
		Release|Any CPU = Release|Any CPU
	EndGlobalSection
	GlobalSection(ProjectConfigurationPlatforms) = postSolution
		{9E372364-A126-45B7-95D4-7EC207056216}.Debug|Any CPU.ActiveCfg = Debug|Any CPU
		{9E372364-A126-45B7-95D4-7EC207056216}.Debug|Any CPU.Build.0 = Debug|Any CPU
		{9E372364-A126-45B7-95D4-7EC207056216}.Release|Any CPU.ActiveCfg = Release|Any CPU
		{9E372364-A126-45B7-95D4-7EC207056216}.Release|Any CPU.Build.0 = Release|Any CPU
		{B1253C0C-898D-4CFD-8669-D4F46CDBED0C}.Debug|Any CPU.ActiveCfg = Debug|Any CPU
		{B1253C0C-898D-4CFD-8669-D4F46CDBED0C}.Debug|Any CPU.Build.0 = Debug|Any CPU
		{B1253C0C-898D-4CFD-8669-D4F46CDBED0C}.Release|Any CPU.ActiveCfg = Release|Any CPU
		{B1253C0C-898D-4CFD-8669-D4F46CDBED0C}.Release|Any CPU.Build.0 = Release|Any CPU
		{E2CB58B3-0FA4-4FAB-86D9-47FFAF785477}.Debug|Any CPU.ActiveCfg = Debug|Any CPU
		{E2CB58B3-0FA4-4FAB-86D9-47FFAF785477}.Debug|Any CPU.Build.0 = Debug|Any CPU
		{E2CB58B3-0FA4-4FAB-86D9-47FFAF785477}.Release|Any CPU.ActiveCfg = Release|Any CPU
		{E2CB58B3-0FA4-4FAB-86D9-47FFAF785477}.Release|Any CPU.Build.0 = Release|Any CPU
		{2B5C4A50-AD46-4A0B-BA08-5AA7F850FF88}.Debug|Any CPU.ActiveCfg = Debug|Any CPU
		{2B5C4A50-AD46-4A0B-BA08-5AA7F850FF88}.Debug|Any CPU.Build.0 = Debug|Any CPU
		{2B5C4A50-AD46-4A0B-BA08-5AA7F850FF88}.Release|Any CPU.ActiveCfg = Release|Any CPU
		{2B5C4A50-AD46-4A0B-BA08-5AA7F850FF88}.Release|Any CPU.Build.0 = Release|Any CPU
		{21C74664-60CC-42BA-840E-583D2D912AC0}.Debug|Any CPU.ActiveCfg = Debug|Any CPU
		{21C74664-60CC-42BA-840E-583D2D912AC0}.Debug|Any CPU.Build.0 = Debug|Any CPU
		{21C74664-60CC-42BA-840E-583D2D912AC0}.Release|Any CPU.ActiveCfg = Release|Any CPU
		{21C74664-60CC-42BA-840E-583D2D912AC0}.Release|Any CPU.Build.0 = Release|Any CPU
		{4DB62652-EF3E-4365-8B01-8AB811ABD8B6}.Debug|Any CPU.ActiveCfg = Debug|Any CPU
		{4DB62652-EF3E-4365-8B01-8AB811ABD8B6}.Debug|Any CPU.Build.0 = Debug|Any CPU
		{4DB62652-EF3E-4365-8B01-8AB811ABD8B6}.Release|Any CPU.ActiveCfg = Release|Any CPU
		{4DB62652-EF3E-4365-8B01-8AB811ABD8B6}.Release|Any CPU.Build.0 = Release|Any CPU
		{3984F4AE-8162-49FD-A852-3E4356AFAB23}.Debug|Any CPU.ActiveCfg = Debug|Any CPU
		{3984F4AE-8162-49FD-A852-3E4356AFAB23}.Debug|Any CPU.Build.0 = Debug|Any CPU
		{3984F4AE-8162-49FD-A852-3E4356AFAB23}.Release|Any CPU.ActiveCfg = Release|Any CPU
		{3984F4AE-8162-49FD-A852-3E4356AFAB23}.Release|Any CPU.Build.0 = Release|Any CPU
		{505EBD1B-1DBB-4C4D-92B0-D68493B2CF04}.Debug|Any CPU.ActiveCfg = Debug|Any CPU
		{505EBD1B-1DBB-4C4D-92B0-D68493B2CF04}.Debug|Any CPU.Build.0 = Debug|Any CPU
		{505EBD1B-1DBB-4C4D-92B0-D68493B2CF04}.Release|Any CPU.ActiveCfg = Release|Any CPU
		{505EBD1B-1DBB-4C4D-92B0-D68493B2CF04}.Release|Any CPU.Build.0 = Release|Any CPU
		{3224E333-C9FF-4525-BF87-92A7753EEC49}.Debug|Any CPU.ActiveCfg = Debug|Any CPU
		{3224E333-C9FF-4525-BF87-92A7753EEC49}.Debug|Any CPU.Build.0 = Debug|Any CPU
		{3224E333-C9FF-4525-BF87-92A7753EEC49}.Release|Any CPU.ActiveCfg = Release|Any CPU
		{3224E333-C9FF-4525-BF87-92A7753EEC49}.Release|Any CPU.Build.0 = Release|Any CPU
		{9BF46EB3-5D69-4A4E-8646-66C72A9CC7E5}.Debug|Any CPU.ActiveCfg = Debug|Any CPU
		{9BF46EB3-5D69-4A4E-8646-66C72A9CC7E5}.Debug|Any CPU.Build.0 = Debug|Any CPU
		{9BF46EB3-5D69-4A4E-8646-66C72A9CC7E5}.Release|Any CPU.ActiveCfg = Release|Any CPU
		{9BF46EB3-5D69-4A4E-8646-66C72A9CC7E5}.Release|Any CPU.Build.0 = Release|Any CPU
		{583E6B64-BCCE-4664-8145-88BCA26F86C0}.Debug|Any CPU.ActiveCfg = Debug|Any CPU
		{583E6B64-BCCE-4664-8145-88BCA26F86C0}.Debug|Any CPU.Build.0 = Debug|Any CPU
		{583E6B64-BCCE-4664-8145-88BCA26F86C0}.Release|Any CPU.ActiveCfg = Release|Any CPU
		{583E6B64-BCCE-4664-8145-88BCA26F86C0}.Release|Any CPU.Build.0 = Release|Any CPU
		{B12ACF0A-7DD4-4816-88B3-F121B3C67B90}.Debug|Any CPU.ActiveCfg = Debug|Any CPU
		{B12ACF0A-7DD4-4816-88B3-F121B3C67B90}.Debug|Any CPU.Build.0 = Debug|Any CPU
		{B12ACF0A-7DD4-4816-88B3-F121B3C67B90}.Release|Any CPU.ActiveCfg = Release|Any CPU
		{B12ACF0A-7DD4-4816-88B3-F121B3C67B90}.Release|Any CPU.Build.0 = Release|Any CPU
		{5E59B9BD-0644-49F4-9D9D-DBD796BCB6EF}.Debug|Any CPU.ActiveCfg = Debug|Any CPU
		{5E59B9BD-0644-49F4-9D9D-DBD796BCB6EF}.Debug|Any CPU.Build.0 = Debug|Any CPU
		{5E59B9BD-0644-49F4-9D9D-DBD796BCB6EF}.Release|Any CPU.ActiveCfg = Release|Any CPU
		{5E59B9BD-0644-49F4-9D9D-DBD796BCB6EF}.Release|Any CPU.Build.0 = Release|Any CPU
		{D7F41E1B-DBA6-4EB6-9EA4-3EE925F5C574}.Debug|Any CPU.ActiveCfg = Debug|Any CPU
		{D7F41E1B-DBA6-4EB6-9EA4-3EE925F5C574}.Debug|Any CPU.Build.0 = Debug|Any CPU
		{D7F41E1B-DBA6-4EB6-9EA4-3EE925F5C574}.Release|Any CPU.ActiveCfg = Release|Any CPU
		{D7F41E1B-DBA6-4EB6-9EA4-3EE925F5C574}.Release|Any CPU.Build.0 = Release|Any CPU
		{6A85944F-5BFE-4C46-8605-F4A74E24CD39}.Debug|Any CPU.ActiveCfg = Debug|Any CPU
		{6A85944F-5BFE-4C46-8605-F4A74E24CD39}.Debug|Any CPU.Build.0 = Debug|Any CPU
		{6A85944F-5BFE-4C46-8605-F4A74E24CD39}.Release|Any CPU.ActiveCfg = Release|Any CPU
		{6A85944F-5BFE-4C46-8605-F4A74E24CD39}.Release|Any CPU.Build.0 = Release|Any CPU
		{5E7C44A8-E1D5-4AF8-8CD7-DA884C19936B}.Debug|Any CPU.ActiveCfg = Debug|Any CPU
		{5E7C44A8-E1D5-4AF8-8CD7-DA884C19936B}.Debug|Any CPU.Build.0 = Debug|Any CPU
		{5E7C44A8-E1D5-4AF8-8CD7-DA884C19936B}.Release|Any CPU.ActiveCfg = Release|Any CPU
		{5E7C44A8-E1D5-4AF8-8CD7-DA884C19936B}.Release|Any CPU.Build.0 = Release|Any CPU
		{36B77890-BDAB-46F4-A252-DD0EE12FE2B8}.Debug|Any CPU.ActiveCfg = Debug|Any CPU
		{36B77890-BDAB-46F4-A252-DD0EE12FE2B8}.Debug|Any CPU.Build.0 = Debug|Any CPU
		{36B77890-BDAB-46F4-A252-DD0EE12FE2B8}.Release|Any CPU.ActiveCfg = Release|Any CPU
		{36B77890-BDAB-46F4-A252-DD0EE12FE2B8}.Release|Any CPU.Build.0 = Release|Any CPU
		{AB06402F-DFED-4C3A-9D62-129E3200ED94}.Debug|Any CPU.ActiveCfg = Debug|Any CPU
		{AB06402F-DFED-4C3A-9D62-129E3200ED94}.Debug|Any CPU.Build.0 = Debug|Any CPU
		{AB06402F-DFED-4C3A-9D62-129E3200ED94}.Release|Any CPU.ActiveCfg = Release|Any CPU
		{AB06402F-DFED-4C3A-9D62-129E3200ED94}.Release|Any CPU.Build.0 = Release|Any CPU
		{38ADC451-AA7F-4F3A-AA35-D89A5CCFE365}.Debug|Any CPU.ActiveCfg = Debug|Any CPU
		{38ADC451-AA7F-4F3A-AA35-D89A5CCFE365}.Debug|Any CPU.Build.0 = Debug|Any CPU
		{38ADC451-AA7F-4F3A-AA35-D89A5CCFE365}.Release|Any CPU.ActiveCfg = Release|Any CPU
		{38ADC451-AA7F-4F3A-AA35-D89A5CCFE365}.Release|Any CPU.Build.0 = Release|Any CPU
		{C5CB342F-D2F4-46A1-9FBD-D2F5F8B26CD7}.Debug|Any CPU.ActiveCfg = Debug|Any CPU
		{C5CB342F-D2F4-46A1-9FBD-D2F5F8B26CD7}.Debug|Any CPU.Build.0 = Debug|Any CPU
		{C5CB342F-D2F4-46A1-9FBD-D2F5F8B26CD7}.Release|Any CPU.ActiveCfg = Release|Any CPU
		{C5CB342F-D2F4-46A1-9FBD-D2F5F8B26CD7}.Release|Any CPU.Build.0 = Release|Any CPU
		{95312E41-FB96-4772-A1AF-FCA0388D6FFB}.Debug|Any CPU.ActiveCfg = Debug|Any CPU
		{95312E41-FB96-4772-A1AF-FCA0388D6FFB}.Debug|Any CPU.Build.0 = Debug|Any CPU
		{95312E41-FB96-4772-A1AF-FCA0388D6FFB}.Release|Any CPU.ActiveCfg = Release|Any CPU
		{95312E41-FB96-4772-A1AF-FCA0388D6FFB}.Release|Any CPU.Build.0 = Release|Any CPU
		{4C81D930-F1E0-4ECC-8ED3-BE897CC18D61}.Debug|Any CPU.ActiveCfg = Debug|Any CPU
		{4C81D930-F1E0-4ECC-8ED3-BE897CC18D61}.Debug|Any CPU.Build.0 = Debug|Any CPU
		{4C81D930-F1E0-4ECC-8ED3-BE897CC18D61}.Release|Any CPU.ActiveCfg = Release|Any CPU
		{4C81D930-F1E0-4ECC-8ED3-BE897CC18D61}.Release|Any CPU.Build.0 = Release|Any CPU
		{41F17C65-A015-4EF0-977D-2CC8308A2E71}.Debug|Any CPU.ActiveCfg = Debug|Any CPU
		{41F17C65-A015-4EF0-977D-2CC8308A2E71}.Debug|Any CPU.Build.0 = Debug|Any CPU
		{41F17C65-A015-4EF0-977D-2CC8308A2E71}.Release|Any CPU.ActiveCfg = Release|Any CPU
		{41F17C65-A015-4EF0-977D-2CC8308A2E71}.Release|Any CPU.Build.0 = Release|Any CPU
		{25C1952E-6C1C-43D1-A9A8-6C1B271E96FD}.Debug|Any CPU.ActiveCfg = Debug|Any CPU
		{25C1952E-6C1C-43D1-A9A8-6C1B271E96FD}.Debug|Any CPU.Build.0 = Debug|Any CPU
		{25C1952E-6C1C-43D1-A9A8-6C1B271E96FD}.Release|Any CPU.ActiveCfg = Release|Any CPU
		{25C1952E-6C1C-43D1-A9A8-6C1B271E96FD}.Release|Any CPU.Build.0 = Release|Any CPU
		{B1D82028-9F8D-40FF-BBBE-3F1F98B1411A}.Debug|Any CPU.ActiveCfg = Debug|Any CPU
		{B1D82028-9F8D-40FF-BBBE-3F1F98B1411A}.Debug|Any CPU.Build.0 = Debug|Any CPU
		{B1D82028-9F8D-40FF-BBBE-3F1F98B1411A}.Release|Any CPU.ActiveCfg = Release|Any CPU
		{B1D82028-9F8D-40FF-BBBE-3F1F98B1411A}.Release|Any CPU.Build.0 = Release|Any CPU
		{0311A5DC-FBB9-40FD-B0E3-CA61F87DFF27}.Debug|Any CPU.ActiveCfg = Debug|Any CPU
		{0311A5DC-FBB9-40FD-B0E3-CA61F87DFF27}.Debug|Any CPU.Build.0 = Debug|Any CPU
		{0311A5DC-FBB9-40FD-B0E3-CA61F87DFF27}.Release|Any CPU.ActiveCfg = Release|Any CPU
		{0311A5DC-FBB9-40FD-B0E3-CA61F87DFF27}.Release|Any CPU.Build.0 = Release|Any CPU
		{256F44E5-DC29-4101-848A-1AA299B2A0D6}.Debug|Any CPU.ActiveCfg = Debug|Any CPU
		{256F44E5-DC29-4101-848A-1AA299B2A0D6}.Debug|Any CPU.Build.0 = Debug|Any CPU
		{256F44E5-DC29-4101-848A-1AA299B2A0D6}.Release|Any CPU.ActiveCfg = Release|Any CPU
		{256F44E5-DC29-4101-848A-1AA299B2A0D6}.Release|Any CPU.Build.0 = Release|Any CPU
		{9CCC5AF0-2B9A-4AC7-BA1B-59623D0067D7}.Debug|Any CPU.ActiveCfg = Debug|Any CPU
		{9CCC5AF0-2B9A-4AC7-BA1B-59623D0067D7}.Debug|Any CPU.Build.0 = Debug|Any CPU
		{9CCC5AF0-2B9A-4AC7-BA1B-59623D0067D7}.Release|Any CPU.ActiveCfg = Release|Any CPU
		{9CCC5AF0-2B9A-4AC7-BA1B-59623D0067D7}.Release|Any CPU.Build.0 = Release|Any CPU
		{2114E98D-BB56-4D85-962F-8AE7BC9A60EF}.Debug|Any CPU.ActiveCfg = Debug|Any CPU
		{2114E98D-BB56-4D85-962F-8AE7BC9A60EF}.Debug|Any CPU.Build.0 = Debug|Any CPU
		{2114E98D-BB56-4D85-962F-8AE7BC9A60EF}.Release|Any CPU.ActiveCfg = Release|Any CPU
		{2114E98D-BB56-4D85-962F-8AE7BC9A60EF}.Release|Any CPU.Build.0 = Release|Any CPU
		{570F0C49-F0D6-4B7E-AEFA-3FABEAA55A45}.Debug|Any CPU.ActiveCfg = Debug|Any CPU
		{570F0C49-F0D6-4B7E-AEFA-3FABEAA55A45}.Debug|Any CPU.Build.0 = Debug|Any CPU
		{570F0C49-F0D6-4B7E-AEFA-3FABEAA55A45}.Release|Any CPU.ActiveCfg = Release|Any CPU
		{570F0C49-F0D6-4B7E-AEFA-3FABEAA55A45}.Release|Any CPU.Build.0 = Release|Any CPU
		{808B8527-CACD-4374-9AB7-9EBE938BB7E5}.Debug|Any CPU.ActiveCfg = Debug|Any CPU
		{808B8527-CACD-4374-9AB7-9EBE938BB7E5}.Debug|Any CPU.Build.0 = Debug|Any CPU
		{808B8527-CACD-4374-9AB7-9EBE938BB7E5}.Release|Any CPU.ActiveCfg = Release|Any CPU
		{808B8527-CACD-4374-9AB7-9EBE938BB7E5}.Release|Any CPU.Build.0 = Release|Any CPU
		{C220776E-63C6-47B1-AFB2-EFA8AB0034B7}.Debug|Any CPU.ActiveCfg = Debug|Any CPU
		{C220776E-63C6-47B1-AFB2-EFA8AB0034B7}.Debug|Any CPU.Build.0 = Debug|Any CPU
		{C220776E-63C6-47B1-AFB2-EFA8AB0034B7}.Release|Any CPU.ActiveCfg = Release|Any CPU
		{C220776E-63C6-47B1-AFB2-EFA8AB0034B7}.Release|Any CPU.Build.0 = Release|Any CPU
		{29C5B7CE-F54A-45B3-964D-34E6CAD6DEC9}.Debug|Any CPU.ActiveCfg = Debug|Any CPU
		{29C5B7CE-F54A-45B3-964D-34E6CAD6DEC9}.Debug|Any CPU.Build.0 = Debug|Any CPU
		{29C5B7CE-F54A-45B3-964D-34E6CAD6DEC9}.Release|Any CPU.ActiveCfg = Release|Any CPU
		{29C5B7CE-F54A-45B3-964D-34E6CAD6DEC9}.Release|Any CPU.Build.0 = Release|Any CPU
		{E2F53F06-BE06-4066-AC9C-DAC7ED4EAD0E}.Debug|Any CPU.ActiveCfg = Debug|Any CPU
		{E2F53F06-BE06-4066-AC9C-DAC7ED4EAD0E}.Debug|Any CPU.Build.0 = Debug|Any CPU
		{E2F53F06-BE06-4066-AC9C-DAC7ED4EAD0E}.Release|Any CPU.ActiveCfg = Release|Any CPU
		{E2F53F06-BE06-4066-AC9C-DAC7ED4EAD0E}.Release|Any CPU.Build.0 = Release|Any CPU
		{B8F4B948-348E-440B-9E44-199A60B55300}.Debug|Any CPU.ActiveCfg = Debug|Any CPU
		{B8F4B948-348E-440B-9E44-199A60B55300}.Debug|Any CPU.Build.0 = Debug|Any CPU
		{B8F4B948-348E-440B-9E44-199A60B55300}.Release|Any CPU.ActiveCfg = Release|Any CPU
		{B8F4B948-348E-440B-9E44-199A60B55300}.Release|Any CPU.Build.0 = Release|Any CPU
		{7ADC53BE-7B82-4106-86F4-254C87449CF4}.Debug|Any CPU.ActiveCfg = Debug|Any CPU
		{7ADC53BE-7B82-4106-86F4-254C87449CF4}.Debug|Any CPU.Build.0 = Debug|Any CPU
		{7ADC53BE-7B82-4106-86F4-254C87449CF4}.Release|Any CPU.ActiveCfg = Release|Any CPU
		{7ADC53BE-7B82-4106-86F4-254C87449CF4}.Release|Any CPU.Build.0 = Release|Any CPU
		{9CA4981B-F558-42D5-84CB-35D8A93E5FE7}.Debug|Any CPU.ActiveCfg = Debug|Any CPU
		{9CA4981B-F558-42D5-84CB-35D8A93E5FE7}.Debug|Any CPU.Build.0 = Debug|Any CPU
		{9CA4981B-F558-42D5-84CB-35D8A93E5FE7}.Release|Any CPU.ActiveCfg = Release|Any CPU
		{9CA4981B-F558-42D5-84CB-35D8A93E5FE7}.Release|Any CPU.Build.0 = Release|Any CPU
		{09508A30-4153-43C8-867D-2C56EA5F93CC}.Debug|Any CPU.ActiveCfg = Debug|Any CPU
		{09508A30-4153-43C8-867D-2C56EA5F93CC}.Debug|Any CPU.Build.0 = Debug|Any CPU
		{09508A30-4153-43C8-867D-2C56EA5F93CC}.Release|Any CPU.ActiveCfg = Release|Any CPU
		{09508A30-4153-43C8-867D-2C56EA5F93CC}.Release|Any CPU.Build.0 = Release|Any CPU
		{8B8B3F28-5782-4CFE-B1B6-940D6373E7EB}.Debug|Any CPU.ActiveCfg = Debug|Any CPU
		{8B8B3F28-5782-4CFE-B1B6-940D6373E7EB}.Debug|Any CPU.Build.0 = Debug|Any CPU
		{8B8B3F28-5782-4CFE-B1B6-940D6373E7EB}.Release|Any CPU.ActiveCfg = Release|Any CPU
		{8B8B3F28-5782-4CFE-B1B6-940D6373E7EB}.Release|Any CPU.Build.0 = Release|Any CPU
		{AFB78DD8-6BBF-4DF3-9D9B-900CC5B41A47}.Debug|Any CPU.ActiveCfg = Debug|Any CPU
		{AFB78DD8-6BBF-4DF3-9D9B-900CC5B41A47}.Debug|Any CPU.Build.0 = Debug|Any CPU
		{AFB78DD8-6BBF-4DF3-9D9B-900CC5B41A47}.Release|Any CPU.ActiveCfg = Release|Any CPU
		{AFB78DD8-6BBF-4DF3-9D9B-900CC5B41A47}.Release|Any CPU.Build.0 = Release|Any CPU
		{D64556E2-6830-428B-BAF7-901938DBF616}.Debug|Any CPU.ActiveCfg = Debug|Any CPU
		{D64556E2-6830-428B-BAF7-901938DBF616}.Debug|Any CPU.Build.0 = Debug|Any CPU
		{D64556E2-6830-428B-BAF7-901938DBF616}.Release|Any CPU.ActiveCfg = Release|Any CPU
		{D64556E2-6830-428B-BAF7-901938DBF616}.Release|Any CPU.Build.0 = Release|Any CPU
		{8F7B46C8-F69C-4F8D-8E7D-2A1C94963446}.Debug|Any CPU.ActiveCfg = Debug|Any CPU
		{8F7B46C8-F69C-4F8D-8E7D-2A1C94963446}.Debug|Any CPU.Build.0 = Debug|Any CPU
		{8F7B46C8-F69C-4F8D-8E7D-2A1C94963446}.Release|Any CPU.ActiveCfg = Release|Any CPU
		{8F7B46C8-F69C-4F8D-8E7D-2A1C94963446}.Release|Any CPU.Build.0 = Release|Any CPU
		{7889AB82-89D0-402A-B1CC-571AE7A4E91B}.Debug|Any CPU.ActiveCfg = Debug|Any CPU
		{7889AB82-89D0-402A-B1CC-571AE7A4E91B}.Debug|Any CPU.Build.0 = Debug|Any CPU
		{7889AB82-89D0-402A-B1CC-571AE7A4E91B}.Release|Any CPU.ActiveCfg = Release|Any CPU
		{7889AB82-89D0-402A-B1CC-571AE7A4E91B}.Release|Any CPU.Build.0 = Release|Any CPU
		{9C59C492-2DF4-4F30-AD2E-0E44A0139587}.Debug|Any CPU.ActiveCfg = Debug|Any CPU
		{9C59C492-2DF4-4F30-AD2E-0E44A0139587}.Debug|Any CPU.Build.0 = Debug|Any CPU
		{9C59C492-2DF4-4F30-AD2E-0E44A0139587}.Release|Any CPU.ActiveCfg = Release|Any CPU
		{9C59C492-2DF4-4F30-AD2E-0E44A0139587}.Release|Any CPU.Build.0 = Release|Any CPU
		{BAEAA6CA-07B0-450D-B1F6-8736338396B2}.Debug|Any CPU.ActiveCfg = Debug|Any CPU
		{BAEAA6CA-07B0-450D-B1F6-8736338396B2}.Debug|Any CPU.Build.0 = Debug|Any CPU
		{BAEAA6CA-07B0-450D-B1F6-8736338396B2}.Release|Any CPU.ActiveCfg = Release|Any CPU
		{BAEAA6CA-07B0-450D-B1F6-8736338396B2}.Release|Any CPU.Build.0 = Release|Any CPU
		{52EF7CA2-4C61-49DD-A70C-DC5AF254D2F0}.Debug|Any CPU.ActiveCfg = Debug|Any CPU
		{52EF7CA2-4C61-49DD-A70C-DC5AF254D2F0}.Debug|Any CPU.Build.0 = Debug|Any CPU
		{52EF7CA2-4C61-49DD-A70C-DC5AF254D2F0}.Release|Any CPU.ActiveCfg = Release|Any CPU
		{52EF7CA2-4C61-49DD-A70C-DC5AF254D2F0}.Release|Any CPU.Build.0 = Release|Any CPU
	EndGlobalSection
	GlobalSection(SolutionProperties) = preSolution
		HideSolutionNode = FALSE
	EndGlobalSection
	GlobalSection(NestedProjects) = preSolution
		{9E372364-A126-45B7-95D4-7EC207056216} = {86C7E2EB-3DF9-4E5B-BFE4-ADC25350F6F5}
		{B1253C0C-898D-4CFD-8669-D4F46CDBED0C} = {86C7E2EB-3DF9-4E5B-BFE4-ADC25350F6F5}
		{E2CB58B3-0FA4-4FAB-86D9-47FFAF785477} = {86C7E2EB-3DF9-4E5B-BFE4-ADC25350F6F5}
		{2B5C4A50-AD46-4A0B-BA08-5AA7F850FF88} = {86C7E2EB-3DF9-4E5B-BFE4-ADC25350F6F5}
		{21C74664-60CC-42BA-840E-583D2D912AC0} = {20FB385E-A346-4CF4-957D-A776C39B615D}
		{4DB62652-EF3E-4365-8B01-8AB811ABD8B6} = {E0115973-13F3-4A74-B572-7BCC311CE28B}
		{3984F4AE-8162-49FD-A852-3E4356AFAB23} = {8682F342-E5A2-4DAD-8ECD-98EDDA512E76}
		{505EBD1B-1DBB-4C4D-92B0-D68493B2CF04} = {F6B107CE-C2DB-4C05-916E-FE9F775794E7}
		{3224E333-C9FF-4525-BF87-92A7753EEC49} = {5232CB4A-B42D-4917-8046-9254844EA47D}
		{9BF46EB3-5D69-4A4E-8646-66C72A9CC7E5} = {5232CB4A-B42D-4917-8046-9254844EA47D}
		{583E6B64-BCCE-4664-8145-88BCA26F86C0} = {32A77F9C-BA38-4DA1-BC6C-F91DD9B34D75}
		{B12ACF0A-7DD4-4816-88B3-F121B3C67B90} = {5232CB4A-B42D-4917-8046-9254844EA47D}
		{5E59B9BD-0644-49F4-9D9D-DBD796BCB6EF} = {32A77F9C-BA38-4DA1-BC6C-F91DD9B34D75}
		{D7F41E1B-DBA6-4EB6-9EA4-3EE925F5C574} = {5232CB4A-B42D-4917-8046-9254844EA47D}
		{6A85944F-5BFE-4C46-8605-F4A74E24CD39} = {8686E480-F5AE-452A-A568-93244786BD5C}
		{5E7C44A8-E1D5-4AF8-8CD7-DA884C19936B} = {BBC432EF-5224-4238-B9FD-E27453449E0A}
		{36B77890-BDAB-46F4-A252-DD0EE12FE2B8} = {BBC432EF-5224-4238-B9FD-E27453449E0A}
		{AB06402F-DFED-4C3A-9D62-129E3200ED94} = {8686E480-F5AE-452A-A568-93244786BD5C}
		{38ADC451-AA7F-4F3A-AA35-D89A5CCFE365} = {8686E480-F5AE-452A-A568-93244786BD5C}
		{C5CB342F-D2F4-46A1-9FBD-D2F5F8B26CD7} = {BBC432EF-5224-4238-B9FD-E27453449E0A}
		{95312E41-FB96-4772-A1AF-FCA0388D6FFB} = {8686E480-F5AE-452A-A568-93244786BD5C}
		{4C81D930-F1E0-4ECC-8ED3-BE897CC18D61} = {BBC432EF-5224-4238-B9FD-E27453449E0A}
		{41F17C65-A015-4EF0-977D-2CC8308A2E71} = {118C6E86-B65C-430E-AB20-0A50C11B00DC}
		{25C1952E-6C1C-43D1-A9A8-6C1B271E96FD} = {F2901D1A-2F5C-423F-BEDD-DF3F73306BCB}
		{B1D82028-9F8D-40FF-BBBE-3F1F98B1411A} = {03F4502D-4C35-46B5-B4C4-8CC1AA6307AA}
		{0311A5DC-FBB9-40FD-B0E3-CA61F87DFF27} = {92FF599E-9953-48DB-B7F5-49951B8C2DA8}
		{256F44E5-DC29-4101-848A-1AA299B2A0D6} = {92FF599E-9953-48DB-B7F5-49951B8C2DA8}
		{9CCC5AF0-2B9A-4AC7-BA1B-59623D0067D7} = {03F4502D-4C35-46B5-B4C4-8CC1AA6307AA}
		{2114E98D-BB56-4D85-962F-8AE7BC9A60EF} = {92FF599E-9953-48DB-B7F5-49951B8C2DA8}
		{570F0C49-F0D6-4B7E-AEFA-3FABEAA55A45} = {03F4502D-4C35-46B5-B4C4-8CC1AA6307AA}
		{808B8527-CACD-4374-9AB7-9EBE938BB7E5} = {989F0B76-7F2E-4C65-8138-858C86A405E4}
		{C220776E-63C6-47B1-AFB2-EFA8AB0034B7} = {AA0B0BF0-881D-48D1-B477-8D6DC0CB5DD7}
		{29C5B7CE-F54A-45B3-964D-34E6CAD6DEC9} = {989F0B76-7F2E-4C65-8138-858C86A405E4}
		{E2F53F06-BE06-4066-AC9C-DAC7ED4EAD0E} = {AA0B0BF0-881D-48D1-B477-8D6DC0CB5DD7}
		{B8F4B948-348E-440B-9E44-199A60B55300} = {858978A4-FE17-4094-A2DE-1F66DFB1E952}
		{7ADC53BE-7B82-4106-86F4-254C87449CF4} = {929C2550-DD8C-44E4-A1AC-DBCBB0A3483D}
		{9CA4981B-F558-42D5-84CB-35D8A93E5FE7} = {929C2550-DD8C-44E4-A1AC-DBCBB0A3483D}
		{09508A30-4153-43C8-867D-2C56EA5F93CC} = {858978A4-FE17-4094-A2DE-1F66DFB1E952}
		{8B8B3F28-5782-4CFE-B1B6-940D6373E7EB} = {8988206E-013F-4208-9774-F0FFF42B5751}
		{AFB78DD8-6BBF-4DF3-9D9B-900CC5B41A47} = {8988206E-013F-4208-9774-F0FFF42B5751}
		{D64556E2-6830-428B-BAF7-901938DBF616} = {912A81C1-5A82-49F6-A337-A680D7BD92BD}
		{8F7B46C8-F69C-4F8D-8E7D-2A1C94963446} = {912A81C1-5A82-49F6-A337-A680D7BD92BD}
		{7889AB82-89D0-402A-B1CC-571AE7A4E91B} = {BBC432EF-5224-4238-B9FD-E27453449E0A}
		{9C59C492-2DF4-4F30-AD2E-0E44A0139587} = {118C6E86-B65C-430E-AB20-0A50C11B00DC}
		{BAEAA6CA-07B0-450D-B1F6-8736338396B2} = {92FF599E-9953-48DB-B7F5-49951B8C2DA8}
		{52EF7CA2-4C61-49DD-A70C-DC5AF254D2F0} = {92FF599E-9953-48DB-B7F5-49951B8C2DA8}
		{20FB385E-A346-4CF4-957D-A776C39B615D} = {9D826B94-5825-4597-8434-63BED25CD4AE}
		{E49149B6-F606-442A-A1AB-5BFDD597BAAB} = {9D826B94-5825-4597-8434-63BED25CD4AE}
		{F6B107CE-C2DB-4C05-916E-FE9F775794E7} = {9D826B94-5825-4597-8434-63BED25CD4AE}
		{32A77F9C-BA38-4DA1-BC6C-F91DD9B34D75} = {9D826B94-5825-4597-8434-63BED25CD4AE}
		{8686E480-F5AE-452A-A568-93244786BD5C} = {9D826B94-5825-4597-8434-63BED25CD4AE}
		{F2901D1A-2F5C-423F-BEDD-DF3F73306BCB} = {9D826B94-5825-4597-8434-63BED25CD4AE}
		{03F4502D-4C35-46B5-B4C4-8CC1AA6307AA} = {9D826B94-5825-4597-8434-63BED25CD4AE}
		{989F0B76-7F2E-4C65-8138-858C86A405E4} = {9D826B94-5825-4597-8434-63BED25CD4AE}
		{929C2550-DD8C-44E4-A1AC-DBCBB0A3483D} = {9D826B94-5825-4597-8434-63BED25CD4AE}
		{8988206E-013F-4208-9774-F0FFF42B5751} = {9D826B94-5825-4597-8434-63BED25CD4AE}
	EndGlobalSection
EndGlobal
